{
  "version": 4,
  "terraform_version": "0.14.8",
  "serial": 6,
  "lineage": "ffc4eb43-1259-0a89-cf4b-7869b361160a",
  "outputs": {
    "external_ip_address_vm_0_balansir": {
      "value": "178.154.207.206",
      "type": "string"
    },
    "external_ip_address_vm_1_web0": {
      "value": "178.154.200.81",
      "type": "string"
    },
    "external_ip_address_vm_2_web1": {
      "value": "178.154.203.164",
      "type": "string"
    },
    "internal_ip_address_vm_0_balansir": {
      "value": "192.168.10.10",
      "type": "string"
    },
    "internal_ip_address_vm_1_web0": {
      "value": "192.168.10.25",
      "type": "string"
    },
    "internal_ip_address_vm_2_web1": {
      "value": "192.168.10.30",
      "type": "string"
    }
  },
  "resources": [
    {
      "mode": "managed",
      "type": "yandex_compute_instance",
      "name": "vm-0-balansir",
      "provider": "provider[\"registry.terraform.io/yandex-cloud/yandex\"]",
      "instances": [
        {
          "schema_version": 1,
          "attributes": {
            "allow_stopping_for_update": null,
            "boot_disk": [
              {
                "auto_delete": true,
                "device_name": "fhmmfn02bv184mva6g48",
                "disk_id": "fhmmfn02bv184mva6g48",
                "initialize_params": [
                  {
                    "description": "",
                    "image_id": "fd87uq4tagjupcnm376a",
                    "name": "",
                    "size": 3,
                    "snapshot_id": "",
                    "type": "network-hdd"
                  }
                ],
                "mode": "READ_WRITE"
              }
            ],
            "created_at": "2021-03-29T13:53:17Z",
            "description": "",
            "folder_id": "b1g73clmol4fsf0ru7ig",
            "fqdn": "fhm5ilgeq410vjf5567v.auto.internal",
            "hostname": "fhm5ilgeq410vjf5567v",
            "id": "fhm5ilgeq410vjf5567v",
            "labels": null,
            "metadata": {
              "user-data": "#cloud-config\nusers:\n  - name: morozov\n    groups: sudo\n    shell: /bin/bash\n    sudo: ['ALL=(ALL) NOPASSWD:ALL']\n    ssh-authorized-keys:\n      - ssh-rsa AAAAB3NzaC1yc2EAAAADAQABAAABgQDoxPbqQc5+PHVthWwlXls3K5a1Iiglohd/nluocCUwbfwfljUq/3DEaVMQ0kVYJQ3fe608JskxjwbzYacYnm4dA66/l5zjW2bpuJ4+cZdz+qeRaB4dnyCeO9eBfeGR8g/v4cxteSVNhKknAkCFRw6zhafUReFWaQnk1CEDTHR7z2X420SnLhZRBCqUDKP0E4uJ3dL5BfXwk1tHSS97LarHf4C31HKr+tixQ2hx6Zxzzjsa0ofCQHCU+uaOg65Q3uoCJ0hO2a5hLlaxBfCS0ts6im+u9j5PQCPQUsRTc3XGts11l6MlKUnaxqZNajBXPh+cQKYpmtLd/4SPB0imx4Cbxc4YnDnoF7Kwo0Dsb1Mx24tPodni+Za9F7MugKBr3I1vKEtwOC+WJNtW3Jv00voEODvI3NW0/DfN06dcBKzp7VRzPNI3PBjF/dearuoRGN14GzBCfl+ALay0MBIhSL+CcswL0OGo1dAwocb0UeTgs1YdyuHt1qVPtmDJHitJ4ls= morozov@lthostg24hp"
            },
            "name": "vm0balansir",
            "network_acceleration_type": "standard",
            "network_interface": [
              {
                "index": 0,
                "ip_address": "192.168.10.10",
                "ipv4": true,
                "ipv6": false,
                "ipv6_address": "",
                "mac_address": "d0:0d:59:56:0e:d1",
                "nat": true,
                "nat_ip_address": "178.154.207.206",
                "nat_ip_version": "IPV4",
                "security_group_ids": [],
                "subnet_id": "e9b6ti151r5f357q7eqm"
              }
            ],
            "placement_policy": [
              {
                "placement_group_id": ""
              }
            ],
            "platform_id": "standard-v1",
            "resources": [
              {
                "core_fraction": 100,
                "cores": 2,
                "gpus": 0,
                "memory": 2
              }
            ],
            "scheduling_policy": [
              {
                "preemptible": false
              }
            ],
            "secondary_disk": [],
            "service_account_id": "",
            "status": "running",
            "timeouts": null,
            "zone": "ru-central1-a"
          },
          "sensitive_attributes": [],
          "private": "eyJlMmJmYjczMC1lY2FhLTExZTYtOGY4OC0zNDM2M2JjN2M0YzAiOnsiY3JlYXRlIjozMDAwMDAwMDAwMDAsImRlbGV0ZSI6MzAwMDAwMDAwMDAwLCJ1cGRhdGUiOjMwMDAwMDAwMDAwMH0sInNjaGVtYV92ZXJzaW9uIjoiMSJ9",
          "dependencies": [
            "yandex_vpc_network.network-1",
            "yandex_vpc_subnet.subnet-1"
          ]
        }
      ]
    },
    {
      "mode": "managed",
      "type": "yandex_compute_instance",
      "name": "vm-1-web0",
      "provider": "provider[\"registry.terraform.io/yandex-cloud/yandex\"]",
      "instances": [
        {
          "schema_version": 1,
          "attributes": {
            "allow_stopping_for_update": null,
            "boot_disk": [
              {
                "auto_delete": true,
                "device_name": "fhmcdr93epe888rjs5mq",
                "disk_id": "fhmcdr93epe888rjs5mq",
                "initialize_params": [
                  {
                    "description": "",
                    "image_id": "fd87uq4tagjupcnm376a",
                    "name": "",
                    "size": 3,
                    "snapshot_id": "",
                    "type": "network-hdd"
                  }
                ],
                "mode": "READ_WRITE"
              }
            ],
            "created_at": "2021-03-29T13:53:17Z",
            "description": "",
            "folder_id": "b1g73clmol4fsf0ru7ig",
            "fqdn": "fhmi92n286b4o4okbu3u.auto.internal",
            "hostname": "fhmi92n286b4o4okbu3u",
            "id": "fhmi92n286b4o4okbu3u",
            "labels": null,
            "metadata": {
              "user-data": "#cloud-config\nusers:\n  - name: morozov\n    groups: sudo\n    shell: /bin/bash\n    sudo: ['ALL=(ALL) NOPASSWD:ALL']\n    ssh-authorized-keys:\n      - ssh-rsa AAAAB3NzaC1yc2EAAAADAQABAAABgQDoxPbqQc5+PHVthWwlXls3K5a1Iiglohd/nluocCUwbfwfljUq/3DEaVMQ0kVYJQ3fe608JskxjwbzYacYnm4dA66/l5zjW2bpuJ4+cZdz+qeRaB4dnyCeO9eBfeGR8g/v4cxteSVNhKknAkCFRw6zhafUReFWaQnk1CEDTHR7z2X420SnLhZRBCqUDKP0E4uJ3dL5BfXwk1tHSS97LarHf4C31HKr+tixQ2hx6Zxzzjsa0ofCQHCU+uaOg65Q3uoCJ0hO2a5hLlaxBfCS0ts6im+u9j5PQCPQUsRTc3XGts11l6MlKUnaxqZNajBXPh+cQKYpmtLd/4SPB0imx4Cbxc4YnDnoF7Kwo0Dsb1Mx24tPodni+Za9F7MugKBr3I1vKEtwOC+WJNtW3Jv00voEODvI3NW0/DfN06dcBKzp7VRzPNI3PBjF/dearuoRGN14GzBCfl+ALay0MBIhSL+CcswL0OGo1dAwocb0UeTgs1YdyuHt1qVPtmDJHitJ4ls= morozov@lthostg24hp"
            },
            "name": "vm1web0",
            "network_acceleration_type": "standard",
            "network_interface": [
              {
                "index": 0,
                "ip_address": "192.168.10.25",
                "ipv4": true,
                "ipv6": false,
                "ipv6_address": "",
                "mac_address": "d0:0d:12:48:ae:24",
                "nat": true,
                "nat_ip_address": "178.154.200.81",
                "nat_ip_version": "IPV4",
                "security_group_ids": [],
                "subnet_id": "e9b6ti151r5f357q7eqm"
              }
            ],
            "placement_policy": [
              {
                "placement_group_id": ""
              }
            ],
            "platform_id": "standard-v1",
            "resources": [
              {
                "core_fraction": 100,
                "cores": 2,
                "gpus": 0,
                "memory": 2
              }
            ],
            "scheduling_policy": [
              {
                "preemptible": false
              }
            ],
            "secondary_disk": [],
            "service_account_id": "",
            "status": "running",
            "timeouts": null,
            "zone": "ru-central1-a"
          },
          "sensitive_attributes": [],
          "private": "eyJlMmJmYjczMC1lY2FhLTExZTYtOGY4OC0zNDM2M2JjN2M0YzAiOnsiY3JlYXRlIjozMDAwMDAwMDAwMDAsImRlbGV0ZSI6MzAwMDAwMDAwMDAwLCJ1cGRhdGUiOjMwMDAwMDAwMDAwMH0sInNjaGVtYV92ZXJzaW9uIjoiMSJ9",
          "dependencies": [
            "yandex_vpc_network.network-1",
            "yandex_vpc_subnet.subnet-1"
          ]
        }
      ]
    },
    {
      "mode": "managed",
      "type": "yandex_compute_instance",
      "name": "vm-2-web1",
      "provider": "provider[\"registry.terraform.io/yandex-cloud/yandex\"]",
      "instances": [
        {
          "schema_version": 1,
          "attributes": {
            "allow_stopping_for_update": null,
            "boot_disk": [
              {
                "auto_delete": true,
                "device_name": "fhmp0e11vtrsqiqib4db",
                "disk_id": "fhmp0e11vtrsqiqib4db",
                "initialize_params": [
                  {
                    "description": "",
                    "image_id": "fd87uq4tagjupcnm376a",
                    "name": "",
                    "size": 3,
                    "snapshot_id": "",
                    "type": "network-hdd"
                  }
                ],
                "mode": "READ_WRITE"
              }
            ],
            "created_at": "2021-03-29T13:53:17Z",
            "description": "",
            "folder_id": "b1g73clmol4fsf0ru7ig",
            "fqdn": "fhm84n4paldqnuqgpbtp.auto.internal",
            "hostname": "fhm84n4paldqnuqgpbtp",
            "id": "fhm84n4paldqnuqgpbtp",
            "labels": null,
            "metadata": {
              "user-data": "#cloud-config\nusers:\n  - name: morozov\n    groups: sudo\n    shell: /bin/bash\n    sudo: ['ALL=(ALL) NOPASSWD:ALL']\n    ssh-authorized-keys:\n      - ssh-rsa AAAAB3NzaC1yc2EAAAADAQABAAABgQDoxPbqQc5+PHVthWwlXls3K5a1Iiglohd/nluocCUwbfwfljUq/3DEaVMQ0kVYJQ3fe608JskxjwbzYacYnm4dA66/l5zjW2bpuJ4+cZdz+qeRaB4dnyCeO9eBfeGR8g/v4cxteSVNhKknAkCFRw6zhafUReFWaQnk1CEDTHR7z2X420SnLhZRBCqUDKP0E4uJ3dL5BfXwk1tHSS97LarHf4C31HKr+tixQ2hx6Zxzzjsa0ofCQHCU+uaOg65Q3uoCJ0hO2a5hLlaxBfCS0ts6im+u9j5PQCPQUsRTc3XGts11l6MlKUnaxqZNajBXPh+cQKYpmtLd/4SPB0imx4Cbxc4YnDnoF7Kwo0Dsb1Mx24tPodni+Za9F7MugKBr3I1vKEtwOC+WJNtW3Jv00voEODvI3NW0/DfN06dcBKzp7VRzPNI3PBjF/dearuoRGN14GzBCfl+ALay0MBIhSL+CcswL0OGo1dAwocb0UeTgs1YdyuHt1qVPtmDJHitJ4ls= morozov@lthostg24hp"
            },
            "name": "vm2web1",
            "network_acceleration_type": "standard",
            "network_interface": [
              {
                "index": 0,
                "ip_address": "192.168.10.30",
                "ipv4": true,
                "ipv6": false,
                "ipv6_address": "",
                "mac_address": "d0:0d:82:5c:99:55",
                "nat": true,
                "nat_ip_address": "178.154.203.164",
                "nat_ip_version": "IPV4",
                "security_group_ids": [],
                "subnet_id": "e9b6ti151r5f357q7eqm"
              }
            ],
            "placement_policy": [
              {
                "placement_group_id": ""
              }
            ],
            "platform_id": "standard-v1",
            "resources": [
              {
                "core_fraction": 100,
                "cores": 2,
                "gpus": 0,
                "memory": 2
              }
            ],
            "scheduling_policy": [
              {
                "preemptible": false
              }
            ],
            "secondary_disk": [],
            "service_account_id": "",
            "status": "running",
            "timeouts": null,
            "zone": "ru-central1-a"
          },
          "sensitive_attributes": [],
          "private": "eyJlMmJmYjczMC1lY2FhLTExZTYtOGY4OC0zNDM2M2JjN2M0YzAiOnsiY3JlYXRlIjozMDAwMDAwMDAwMDAsImRlbGV0ZSI6MzAwMDAwMDAwMDAwLCJ1cGRhdGUiOjMwMDAwMDAwMDAwMH0sInNjaGVtYV92ZXJzaW9uIjoiMSJ9",
          "dependencies": [
            "yandex_vpc_network.network-1",
            "yandex_vpc_subnet.subnet-1"
          ]
        }
      ]
    },
    {
      "mode": "managed",
      "type": "yandex_vpc_network",
      "name": "network-1",
      "provider": "provider[\"registry.terraform.io/yandex-cloud/yandex\"]",
      "instances": [
        {
          "schema_version": 0,
          "attributes": {
            "created_at": "2021-03-29T13:53:16Z",
            "default_security_group_id": "",
            "description": "",
            "folder_id": "b1g73clmol4fsf0ru7ig",
            "id": "enpsmhvik3j1rtmae8p4",
            "labels": null,
            "name": "network1",
            "subnet_ids": [],
            "timeouts": null
          },
          "sensitive_attributes": [],
          "private": "eyJlMmJmYjczMC1lY2FhLTExZTYtOGY4OC0zNDM2M2JjN2M0YzAiOnsiY3JlYXRlIjo2MDAwMDAwMDAwMCwiZGVsZXRlIjo2MDAwMDAwMDAwMCwidXBkYXRlIjo2MDAwMDAwMDAwMH19"
        }
      ]
    },
    {
      "mode": "managed",
      "type": "yandex_vpc_subnet",
      "name": "subnet-1",
      "provider": "provider[\"registry.terraform.io/yandex-cloud/yandex\"]",
      "instances": [
        {
          "schema_version": 0,
          "attributes": {
            "created_at": "2021-03-29T13:53:16Z",
            "description": "",
            "dhcp_options": [],
            "folder_id": "b1g73clmol4fsf0ru7ig",
            "id": "e9b6ti151r5f357q7eqm",
            "labels": null,
            "name": "subnet1",
            "network_id": "enpsmhvik3j1rtmae8p4",
            "route_table_id": "",
            "timeouts": null,
            "v4_cidr_blocks": [
              "192.168.10.0/24"
            ],
            "v6_cidr_blocks": [],
            "zone": "ru-central1-a"
          },
          "sensitive_attributes": [],
          "private": "eyJlMmJmYjczMC1lY2FhLTExZTYtOGY4OC0zNDM2M2JjN2M0YzAiOnsiY3JlYXRlIjoxODAwMDAwMDAwMDAsImRlbGV0ZSI6MTgwMDAwMDAwMDAwLCJ1cGRhdGUiOjE4MDAwMDAwMDAwMH19",
          "dependencies": [
            "yandex_vpc_network.network-1"
          ]
        }
      ]
    }
  ]
}
